// !$*UTF8*$!
{
	archiveVersion = 1;
	classes = {
	};
	objectVersion = 55;
	objects = {

/* Begin PBXBuildFile section */
		1B9ACE3B27835884004B5987 /* AppDelegate.swift in Sources */ = {isa = PBXBuildFile; fileRef = 1B9ACE3A27835884004B5987 /* AppDelegate.swift */; };
		1B9ACE3D27835884004B5987 /* SceneDelegate.swift in Sources */ = {isa = PBXBuildFile; fileRef = 1B9ACE3C27835884004B5987 /* SceneDelegate.swift */; };
		1B9ACE3F27835884004B5987 /* CountriesTableViewController.swift in Sources */ = {isa = PBXBuildFile; fileRef = 1B9ACE3E27835884004B5987 /* CountriesTableViewController.swift */; };
		1B9ACE4227835884004B5987 /* Main.storyboard in Resources */ = {isa = PBXBuildFile; fileRef = 1B9ACE4027835884004B5987 /* Main.storyboard */; };
		1B9ACE4427835886004B5987 /* Assets.xcassets in Resources */ = {isa = PBXBuildFile; fileRef = 1B9ACE4327835886004B5987 /* Assets.xcassets */; };
		1B9ACE4727835886004B5987 /* LaunchScreen.storyboard in Resources */ = {isa = PBXBuildFile; fileRef = 1B9ACE4527835886004B5987 /* LaunchScreen.storyboard */; };
		1B9ACE6727835D88004B5987 /* spain@2x.png in Resources */ = {isa = PBXBuildFile; fileRef = 1B9ACE4F27835D88004B5987 /* spain@2x.png */; };
		1B9ACE6827835D88004B5987 /* nigeria@2x.png in Resources */ = {isa = PBXBuildFile; fileRef = 1B9ACE5027835D88004B5987 /* nigeria@2x.png */; };
		1B9ACE6927835D88004B5987 /* nigeria@3x.png in Resources */ = {isa = PBXBuildFile; fileRef = 1B9ACE5127835D88004B5987 /* nigeria@3x.png */; };
		1B9ACE6A27835D88004B5987 /* spain@3x.png in Resources */ = {isa = PBXBuildFile; fileRef = 1B9ACE5227835D88004B5987 /* spain@3x.png */; };
		1B9ACE6B27835D88004B5987 /* italy@3x.png in Resources */ = {isa = PBXBuildFile; fileRef = 1B9ACE5327835D88004B5987 /* italy@3x.png */; };
		1B9ACE6C27835D88004B5987 /* ireland@2x.png in Resources */ = {isa = PBXBuildFile; fileRef = 1B9ACE5427835D88004B5987 /* ireland@2x.png */; };
		1B9ACE6D27835D88004B5987 /* germany@3x.png in Resources */ = {isa = PBXBuildFile; fileRef = 1B9ACE5527835D88004B5987 /* germany@3x.png */; };
		1B9ACE6E27835D88004B5987 /* germany@2x.png in Resources */ = {isa = PBXBuildFile; fileRef = 1B9ACE5627835D88004B5987 /* germany@2x.png */; };
		1B9ACE6F27835D88004B5987 /* ireland@3x.png in Resources */ = {isa = PBXBuildFile; fileRef = 1B9ACE5727835D88004B5987 /* ireland@3x.png */; };
		1B9ACE7027835D88004B5987 /* italy@2x.png in Resources */ = {isa = PBXBuildFile; fileRef = 1B9ACE5827835D88004B5987 /* italy@2x.png */; };
		1B9ACE7127835D88004B5987 /* poland@2x.png in Resources */ = {isa = PBXBuildFile; fileRef = 1B9ACE5927835D88004B5987 /* poland@2x.png */; };
		1B9ACE7227835D88004B5987 /* russia@2x.png in Resources */ = {isa = PBXBuildFile; fileRef = 1B9ACE5A27835D88004B5987 /* russia@2x.png */; };
		1B9ACE7327835D88004B5987 /* estonia@2x.png in Resources */ = {isa = PBXBuildFile; fileRef = 1B9ACE5B27835D88004B5987 /* estonia@2x.png */; };
		1B9ACE7427835D88004B5987 /* estonia@3x.png in Resources */ = {isa = PBXBuildFile; fileRef = 1B9ACE5C27835D88004B5987 /* estonia@3x.png */; };
		1B9ACE7527835D88004B5987 /* russia@3x.png in Resources */ = {isa = PBXBuildFile; fileRef = 1B9ACE5D27835D88004B5987 /* russia@3x.png */; };
		1B9ACE7627835D88004B5987 /* poland@3x.png in Resources */ = {isa = PBXBuildFile; fileRef = 1B9ACE5E27835D88004B5987 /* poland@3x.png */; };
		1B9ACE7727835D88004B5987 /* uk@3x.png in Resources */ = {isa = PBXBuildFile; fileRef = 1B9ACE5F27835D88004B5987 /* uk@3x.png */; };
		1B9ACE7827835D88004B5987 /* us@3x.png in Resources */ = {isa = PBXBuildFile; fileRef = 1B9ACE6027835D88004B5987 /* us@3x.png */; };
		1B9ACE7927835D88004B5987 /* france@3x.png in Resources */ = {isa = PBXBuildFile; fileRef = 1B9ACE6127835D88004B5987 /* france@3x.png */; };
		1B9ACE7A27835D88004B5987 /* monaco@2x.png in Resources */ = {isa = PBXBuildFile; fileRef = 1B9ACE6227835D88004B5987 /* monaco@2x.png */; };
		1B9ACE7B27835D88004B5987 /* monaco@3x.png in Resources */ = {isa = PBXBuildFile; fileRef = 1B9ACE6327835D88004B5987 /* monaco@3x.png */; };
		1B9ACE7C27835D88004B5987 /* france@2x.png in Resources */ = {isa = PBXBuildFile; fileRef = 1B9ACE6427835D88004B5987 /* france@2x.png */; };
		1B9ACE7D27835D88004B5987 /* us@2x.png in Resources */ = {isa = PBXBuildFile; fileRef = 1B9ACE6527835D88004B5987 /* us@2x.png */; };
		1B9ACE7E27835D88004B5987 /* uk@2x.png in Resources */ = {isa = PBXBuildFile; fileRef = 1B9ACE6627835D88004B5987 /* uk@2x.png */; };
		1B9ACE8127835FA5004B5987 /* Country.swift in Sources */ = {isa = PBXBuildFile; fileRef = 1B9ACE8027835FA5004B5987 /* Country.swift */; };
		1B9ACE8427836522004B5987 /* StringCapitalizeFirstLetter.swift in Sources */ = {isa = PBXBuildFile; fileRef = 1B9ACE8327836522004B5987 /* StringCapitalizeFirstLetter.swift */; };
		1B9ACE8627837557004B5987 /* DetailViewController.swift in Sources */ = {isa = PBXBuildFile; fileRef = 1B9ACE8527837557004B5987 /* DetailViewController.swift */; };
/* End PBXBuildFile section */

/* Begin PBXFileReference section */
		1B9ACE3727835884004B5987 /* 100DaysOfSwift-ProjectReview1.app */ = {isa = PBXFileReference; explicitFileType = wrapper.application; includeInIndex = 0; path = "100DaysOfSwift-ProjectReview1.app"; sourceTree = BUILT_PRODUCTS_DIR; };
		1B9ACE3A27835884004B5987 /* AppDelegate.swift */ = {isa = PBXFileReference; lastKnownFileType = sourcecode.swift; path = AppDelegate.swift; sourceTree = "<group>"; };
		1B9ACE3C27835884004B5987 /* SceneDelegate.swift */ = {isa = PBXFileReference; lastKnownFileType = sourcecode.swift; path = SceneDelegate.swift; sourceTree = "<group>"; };
		1B9ACE3E27835884004B5987 /* CountriesTableViewController.swift */ = {isa = PBXFileReference; lastKnownFileType = sourcecode.swift; path = CountriesTableViewController.swift; sourceTree = "<group>"; };
		1B9ACE4127835884004B5987 /* Base */ = {isa = PBXFileReference; lastKnownFileType = file.storyboard; name = Base; path = Base.lproj/Main.storyboard; sourceTree = "<group>"; };
		1B9ACE4327835886004B5987 /* Assets.xcassets */ = {isa = PBXFileReference; lastKnownFileType = folder.assetcatalog; path = Assets.xcassets; sourceTree = "<group>"; };
		1B9ACE4627835886004B5987 /* Base */ = {isa = PBXFileReference; lastKnownFileType = file.storyboard; name = Base; path = Base.lproj/LaunchScreen.storyboard; sourceTree = "<group>"; };
		1B9ACE4827835886004B5987 /* Info.plist */ = {isa = PBXFileReference; lastKnownFileType = text.plist.xml; path = Info.plist; sourceTree = "<group>"; };
		1B9ACE4F27835D88004B5987 /* spain@2x.png */ = {isa = PBXFileReference; lastKnownFileType = image.png; path = "spain@2x.png"; sourceTree = "<group>"; };
		1B9ACE5027835D88004B5987 /* nigeria@2x.png */ = {isa = PBXFileReference; lastKnownFileType = image.png; path = "nigeria@2x.png"; sourceTree = "<group>"; };
		1B9ACE5127835D88004B5987 /* nigeria@3x.png */ = {isa = PBXFileReference; lastKnownFileType = image.png; path = "nigeria@3x.png"; sourceTree = "<group>"; };
		1B9ACE5227835D88004B5987 /* spain@3x.png */ = {isa = PBXFileReference; lastKnownFileType = image.png; path = "spain@3x.png"; sourceTree = "<group>"; };
		1B9ACE5327835D88004B5987 /* italy@3x.png */ = {isa = PBXFileReference; lastKnownFileType = image.png; path = "italy@3x.png"; sourceTree = "<group>"; };
		1B9ACE5427835D88004B5987 /* ireland@2x.png */ = {isa = PBXFileReference; lastKnownFileType = image.png; path = "ireland@2x.png"; sourceTree = "<group>"; };
		1B9ACE5527835D88004B5987 /* germany@3x.png */ = {isa = PBXFileReference; lastKnownFileType = image.png; path = "germany@3x.png"; sourceTree = "<group>"; };
		1B9ACE5627835D88004B5987 /* germany@2x.png */ = {isa = PBXFileReference; lastKnownFileType = image.png; path = "germany@2x.png"; sourceTree = "<group>"; };
		1B9ACE5727835D88004B5987 /* ireland@3x.png */ = {isa = PBXFileReference; lastKnownFileType = image.png; path = "ireland@3x.png"; sourceTree = "<group>"; };
		1B9ACE5827835D88004B5987 /* italy@2x.png */ = {isa = PBXFileReference; lastKnownFileType = image.png; path = "italy@2x.png"; sourceTree = "<group>"; };
		1B9ACE5927835D88004B5987 /* poland@2x.png */ = {isa = PBXFileReference; lastKnownFileType = image.png; path = "poland@2x.png"; sourceTree = "<group>"; };
		1B9ACE5A27835D88004B5987 /* russia@2x.png */ = {isa = PBXFileReference; lastKnownFileType = image.png; path = "russia@2x.png"; sourceTree = "<group>"; };
		1B9ACE5B27835D88004B5987 /* estonia@2x.png */ = {isa = PBXFileReference; lastKnownFileType = image.png; path = "estonia@2x.png"; sourceTree = "<group>"; };
		1B9ACE5C27835D88004B5987 /* estonia@3x.png */ = {isa = PBXFileReference; lastKnownFileType = image.png; path = "estonia@3x.png"; sourceTree = "<group>"; };
		1B9ACE5D27835D88004B5987 /* russia@3x.png */ = {isa = PBXFileReference; lastKnownFileType = image.png; path = "russia@3x.png"; sourceTree = "<group>"; };
		1B9ACE5E27835D88004B5987 /* poland@3x.png */ = {isa = PBXFileReference; lastKnownFileType = image.png; path = "poland@3x.png"; sourceTree = "<group>"; };
		1B9ACE5F27835D88004B5987 /* uk@3x.png */ = {isa = PBXFileReference; lastKnownFileType = image.png; path = "uk@3x.png"; sourceTree = "<group>"; };
		1B9ACE6027835D88004B5987 /* us@3x.png */ = {isa = PBXFileReference; lastKnownFileType = image.png; path = "us@3x.png"; sourceTree = "<group>"; };
		1B9ACE6127835D88004B5987 /* france@3x.png */ = {isa = PBXFileReference; lastKnownFileType = image.png; path = "france@3x.png"; sourceTree = "<group>"; };
		1B9ACE6227835D88004B5987 /* monaco@2x.png */ = {isa = PBXFileReference; lastKnownFileType = image.png; path = "monaco@2x.png"; sourceTree = "<group>"; };
		1B9ACE6327835D88004B5987 /* monaco@3x.png */ = {isa = PBXFileReference; lastKnownFileType = image.png; path = "monaco@3x.png"; sourceTree = "<group>"; };
		1B9ACE6427835D88004B5987 /* france@2x.png */ = {isa = PBXFileReference; lastKnownFileType = image.png; path = "france@2x.png"; sourceTree = "<group>"; };
		1B9ACE6527835D88004B5987 /* us@2x.png */ = {isa = PBXFileReference; lastKnownFileType = image.png; path = "us@2x.png"; sourceTree = "<group>"; };
		1B9ACE6627835D88004B5987 /* uk@2x.png */ = {isa = PBXFileReference; lastKnownFileType = image.png; path = "uk@2x.png"; sourceTree = "<group>"; };
		1B9ACE8027835FA5004B5987 /* Country.swift */ = {isa = PBXFileReference; lastKnownFileType = sourcecode.swift; path = Country.swift; sourceTree = "<group>"; };
		1B9ACE8327836522004B5987 /* StringCapitalizeFirstLetter.swift */ = {isa = PBXFileReference; lastKnownFileType = sourcecode.swift; path = StringCapitalizeFirstLetter.swift; sourceTree = "<group>"; };
		1B9ACE8527837557004B5987 /* DetailViewController.swift */ = {isa = PBXFileReference; lastKnownFileType = sourcecode.swift; path = DetailViewController.swift; sourceTree = "<group>"; };
/* End PBXFileReference section */

/* Begin PBXFrameworksBuildPhase section */
		1B9ACE3427835884004B5987 /* Frameworks */ = {
			isa = PBXFrameworksBuildPhase;
			buildActionMask = 2147483647;
			files = (
			);
			runOnlyForDeploymentPostprocessing = 0;
		};
/* End PBXFrameworksBuildPhase section */

/* Begin PBXGroup section */
		1B9ACE2E27835884004B5987 = {
			isa = PBXGroup;
			children = (
				1B9ACE3927835884004B5987 /* 100DaysOfSwift-ProjectReview1 */,
				1B9ACE3827835884004B5987 /* Products */,
			);
			sourceTree = "<group>";
		};
		1B9ACE3827835884004B5987 /* Products */ = {
			isa = PBXGroup;
			children = (
				1B9ACE3727835884004B5987 /* 100DaysOfSwift-ProjectReview1.app */,
			);
			name = Products;
			sourceTree = "<group>";
		};
		1B9ACE3927835884004B5987 /* 100DaysOfSwift-ProjectReview1 */ = {
			isa = PBXGroup;
			children = (
				1B9ACE822783650D004B5987 /* Extensions */,
				1B9ACE7F27835F8E004B5987 /* Model */,
				1B9ACE3A27835884004B5987 /* AppDelegate.swift */,
				1B9ACE3C27835884004B5987 /* SceneDelegate.swift */,
				1B9ACE3E27835884004B5987 /* CountriesTableViewController.swift */,
				1B9ACE8527837557004B5987 /* DetailViewController.swift */,
				1B9ACE4027835884004B5987 /* Main.storyboard */,
				1B9ACE4327835886004B5987 /* Assets.xcassets */,
				1B9ACE4527835886004B5987 /* LaunchScreen.storyboard */,
				1B9ACE4827835886004B5987 /* Info.plist */,
				1B9ACE4E27835D88004B5987 /* project2-files */,
			);
			path = "100DaysOfSwift-ProjectReview1";
			sourceTree = "<group>";
		};
		1B9ACE4E27835D88004B5987 /* project2-files */ = {
			isa = PBXGroup;
			children = (
				1B9ACE4F27835D88004B5987 /* spain@2x.png */,
				1B9ACE5027835D88004B5987 /* nigeria@2x.png */,
				1B9ACE5127835D88004B5987 /* nigeria@3x.png */,
				1B9ACE5227835D88004B5987 /* spain@3x.png */,
				1B9ACE5327835D88004B5987 /* italy@3x.png */,
				1B9ACE5427835D88004B5987 /* ireland@2x.png */,
				1B9ACE5527835D88004B5987 /* germany@3x.png */,
				1B9ACE5627835D88004B5987 /* germany@2x.png */,
				1B9ACE5727835D88004B5987 /* ireland@3x.png */,
				1B9ACE5827835D88004B5987 /* italy@2x.png */,
				1B9ACE5927835D88004B5987 /* poland@2x.png */,
				1B9ACE5A27835D88004B5987 /* russia@2x.png */,
				1B9ACE5B27835D88004B5987 /* estonia@2x.png */,
				1B9ACE5C27835D88004B5987 /* estonia@3x.png */,
				1B9ACE5D27835D88004B5987 /* russia@3x.png */,
				1B9ACE5E27835D88004B5987 /* poland@3x.png */,
				1B9ACE5F27835D88004B5987 /* uk@3x.png */,
				1B9ACE6027835D88004B5987 /* us@3x.png */,
				1B9ACE6127835D88004B5987 /* france@3x.png */,
				1B9ACE6227835D88004B5987 /* monaco@2x.png */,
				1B9ACE6327835D88004B5987 /* monaco@3x.png */,
				1B9ACE6427835D88004B5987 /* france@2x.png */,
				1B9ACE6527835D88004B5987 /* us@2x.png */,
				1B9ACE6627835D88004B5987 /* uk@2x.png */,
			);
			path = "project2-files";
			sourceTree = "<group>";
		};
		1B9ACE7F27835F8E004B5987 /* Model */ = {
			isa = PBXGroup;
			children = (
				1B9ACE8027835FA5004B5987 /* Country.swift */,
			);
			path = Model;
			sourceTree = "<group>";
		};
		1B9ACE822783650D004B5987 /* Extensions */ = {
			isa = PBXGroup;
			children = (
				1B9ACE8327836522004B5987 /* StringCapitalizeFirstLetter.swift */,
			);
			path = Extensions;
			sourceTree = "<group>";
		};
/* End PBXGroup section */

/* Begin PBXNativeTarget section */
		1B9ACE3627835884004B5987 /* 100DaysOfSwift-ProjectReview1 */ = {
			isa = PBXNativeTarget;
			buildConfigurationList = 1B9ACE4B27835886004B5987 /* Build configuration list for PBXNativeTarget "100DaysOfSwift-ProjectReview1" */;
			buildPhases = (
				1B9ACE3327835884004B5987 /* Sources */,
				1B9ACE3427835884004B5987 /* Frameworks */,
				1B9ACE3527835884004B5987 /* Resources */,
			);
			buildRules = (
			);
			dependencies = (
			);
			name = "100DaysOfSwift-ProjectReview1";
			productName = "100DaysOfSwift-ProjectReview1";
			productReference = 1B9ACE3727835884004B5987 /* 100DaysOfSwift-ProjectReview1.app */;
			productType = "com.apple.product-type.application";
		};
/* End PBXNativeTarget section */

/* Begin PBXProject section */
		1B9ACE2F27835884004B5987 /* Project object */ = {
			isa = PBXProject;
			attributes = {
				BuildIndependentTargetsInParallel = 1;
				LastSwiftUpdateCheck = 1310;
				LastUpgradeCheck = 1310;
				TargetAttributes = {
					1B9ACE3627835884004B5987 = {
						CreatedOnToolsVersion = 13.1;
					};
				};
			};
			buildConfigurationList = 1B9ACE3227835884004B5987 /* Build configuration list for PBXProject "100DaysOfSwift-ProjectReview1" */;
			compatibilityVersion = "Xcode 13.0";
			developmentRegion = en;
			hasScannedForEncodings = 0;
			knownRegions = (
				en,
				Base,
			);
			mainGroup = 1B9ACE2E27835884004B5987;
			productRefGroup = 1B9ACE3827835884004B5987 /* Products */;
			projectDirPath = "";
			projectRoot = "";
			targets = (
				1B9ACE3627835884004B5987 /* 100DaysOfSwift-ProjectReview1 */,
			);
		};
/* End PBXProject section */

/* Begin PBXResourcesBuildPhase section */
		1B9ACE3527835884004B5987 /* Resources */ = {
			isa = PBXResourcesBuildPhase;
			buildActionMask = 2147483647;
			files = (
				1B9ACE7B27835D88004B5987 /* monaco@3x.png in Resources */,
				1B9ACE6827835D88004B5987 /* nigeria@2x.png in Resources */,
				1B9ACE7D27835D88004B5987 /* us@2x.png in Resources */,
				1B9ACE6927835D88004B5987 /* nigeria@3x.png in Resources */,
				1B9ACE7627835D88004B5987 /* poland@3x.png in Resources */,
				1B9ACE7727835D88004B5987 /* uk@3x.png in Resources */,
				1B9ACE7C27835D88004B5987 /* france@2x.png in Resources */,
				1B9ACE7027835D88004B5987 /* italy@2x.png in Resources */,
				1B9ACE6727835D88004B5987 /* spain@2x.png in Resources */,
				1B9ACE6D27835D88004B5987 /* germany@3x.png in Resources */,
				1B9ACE4727835886004B5987 /* LaunchScreen.storyboard in Resources */,
				1B9ACE7127835D88004B5987 /* poland@2x.png in Resources */,
				1B9ACE4427835886004B5987 /* Assets.xcassets in Resources */,
				1B9ACE6B27835D88004B5987 /* italy@3x.png in Resources */,
				1B9ACE7427835D88004B5987 /* estonia@3x.png in Resources */,
				1B9ACE7A27835D88004B5987 /* monaco@2x.png in Resources */,
				1B9ACE4227835884004B5987 /* Main.storyboard in Resources */,
				1B9ACE6C27835D88004B5987 /* ireland@2x.png in Resources */,
				1B9ACE6E27835D88004B5987 /* germany@2x.png in Resources */,
				1B9ACE7827835D88004B5987 /* us@3x.png in Resources */,
				1B9ACE6A27835D88004B5987 /* spain@3x.png in Resources */,
				1B9ACE7227835D88004B5987 /* russia@2x.png in Resources */,
				1B9ACE7327835D88004B5987 /* estonia@2x.png in Resources */,
				1B9ACE7527835D88004B5987 /* russia@3x.png in Resources */,
				1B9ACE7E27835D88004B5987 /* uk@2x.png in Resources */,
				1B9ACE7927835D88004B5987 /* france@3x.png in Resources */,
				1B9ACE6F27835D88004B5987 /* ireland@3x.png in Resources */,
			);
			runOnlyForDeploymentPostprocessing = 0;
		};
/* End PBXResourcesBuildPhase section */

/* Begin PBXSourcesBuildPhase section */
		1B9ACE3327835884004B5987 /* Sources */ = {
			isa = PBXSourcesBuildPhase;
			buildActionMask = 2147483647;
			files = (
				1B9ACE8127835FA5004B5987 /* Country.swift in Sources */,
				1B9ACE3F27835884004B5987 /* CountriesTableViewController.swift in Sources */,
				1B9ACE3B27835884004B5987 /* AppDelegate.swift in Sources */,
				1B9ACE8627837557004B5987 /* DetailViewController.swift in Sources */,
				1B9ACE8427836522004B5987 /* StringCapitalizeFirstLetter.swift in Sources */,
				1B9ACE3D27835884004B5987 /* SceneDelegate.swift in Sources */,
			);
			runOnlyForDeploymentPostprocessing = 0;
		};
/* End PBXSourcesBuildPhase section */

/* Begin PBXVariantGroup section */
		1B9ACE4027835884004B5987 /* Main.storyboard */ = {
			isa = PBXVariantGroup;
			children = (
				1B9ACE4127835884004B5987 /* Base */,
			);
			name = Main.storyboard;
			sourceTree = "<group>";
		};
		1B9ACE4527835886004B5987 /* LaunchScreen.storyboard */ = {
			isa = PBXVariantGroup;
			children = (
				1B9ACE4627835886004B5987 /* Base */,
			);
			name = LaunchScreen.storyboard;
			sourceTree = "<group>";
		};
/* End PBXVariantGroup section */

/* Begin XCBuildConfiguration section */
		1B9ACE4927835886004B5987 /* Debug */ = {
			isa = XCBuildConfiguration;
			buildSettings = {
				ALWAYS_SEARCH_USER_PATHS = NO;
				CLANG_ANALYZER_NONNULL = YES;
				CLANG_ANALYZER_NUMBER_OBJECT_CONVERSION = YES_AGGRESSIVE;
				CLANG_CXX_LANGUAGE_STANDARD = "gnu++17";
				CLANG_CXX_LIBRARY = "libc++";
				CLANG_ENABLE_MODULES = YES;
				CLANG_ENABLE_OBJC_ARC = YES;
				CLANG_ENABLE_OBJC_WEAK = YES;
				CLANG_WARN_BLOCK_CAPTURE_AUTORELEASING = YES;
				CLANG_WARN_BOOL_CONVERSION = YES;
				CLANG_WARN_COMMA = YES;
				CLANG_WARN_CONSTANT_CONVERSION = YES;
				CLANG_WARN_DEPRECATED_OBJC_IMPLEMENTATIONS = YES;
				CLANG_WARN_DIRECT_OBJC_ISA_USAGE = YES_ERROR;
				CLANG_WARN_DOCUMENTATION_COMMENTS = YES;
				CLANG_WARN_EMPTY_BODY = YES;
				CLANG_WARN_ENUM_CONVERSION = YES;
				CLANG_WARN_INFINITE_RECURSION = YES;
				CLANG_WARN_INT_CONVERSION = YES;
				CLANG_WARN_NON_LITERAL_NULL_CONVERSION = YES;
				CLANG_WARN_OBJC_IMPLICIT_RETAIN_SELF = YES;
				CLANG_WARN_OBJC_LITERAL_CONVERSION = YES;
				CLANG_WARN_OBJC_ROOT_CLASS = YES_ERROR;
				CLANG_WARN_QUOTED_INCLUDE_IN_FRAMEWORK_HEADER = YES;
				CLANG_WARN_RANGE_LOOP_ANALYSIS = YES;
				CLANG_WARN_STRICT_PROTOTYPES = YES;
				CLANG_WARN_SUSPICIOUS_MOVE = YES;
				CLANG_WARN_UNGUARDED_AVAILABILITY = YES_AGGRESSIVE;
				CLANG_WARN_UNREACHABLE_CODE = YES;
				CLANG_WARN__DUPLICATE_METHOD_MATCH = YES;
				COPY_PHASE_STRIP = NO;
				DEBUG_INFORMATION_FORMAT = dwarf;
				ENABLE_STRICT_OBJC_MSGSEND = YES;
				ENABLE_TESTABILITY = YES;
				GCC_C_LANGUAGE_STANDARD = gnu11;
				GCC_DYNAMIC_NO_PIC = NO;
				GCC_NO_COMMON_BLOCKS = YES;
				GCC_OPTIMIZATION_LEVEL = 0;
				GCC_PREPROCESSOR_DEFINITIONS = (
					"DEBUG=1",
					"$(inherited)",
				);
				GCC_WARN_64_TO_32_BIT_CONVERSION = YES;
				GCC_WARN_ABOUT_RETURN_TYPE = YES_ERROR;
				GCC_WARN_UNDECLARED_SELECTOR = YES;
				GCC_WARN_UNINITIALIZED_AUTOS = YES_AGGRESSIVE;
				GCC_WARN_UNUSED_FUNCTION = YES;
				GCC_WARN_UNUSED_VARIABLE = YES;
				IPHONEOS_DEPLOYMENT_TARGET = 15.0;
				MTL_ENABLE_DEBUG_INFO = INCLUDE_SOURCE;
				MTL_FAST_MATH = YES;
				ONLY_ACTIVE_ARCH = YES;
				SDKROOT = iphoneos;
				SWIFT_ACTIVE_COMPILATION_CONDITIONS = DEBUG;
				SWIFT_OPTIMIZATION_LEVEL = "-Onone";
			};
			name = Debug;
		};
		1B9ACE4A27835886004B5987 /* Release */ = {
			isa = XCBuildConfiguration;
			buildSettings = {
				ALWAYS_SEARCH_USER_PATHS = NO;
				CLANG_ANALYZER_NONNULL = YES;
				CLANG_ANALYZER_NUMBER_OBJECT_CONVERSION = YES_AGGRESSIVE;
				CLANG_CXX_LANGUAGE_STANDARD = "gnu++17";
				CLANG_CXX_LIBRARY = "libc++";
				CLANG_ENABLE_MODULES = YES;
				CLANG_ENABLE_OBJC_ARC = YES;
				CLANG_ENABLE_OBJC_WEAK = YES;
				CLANG_WARN_BLOCK_CAPTURE_AUTORELEASING = YES;
				CLANG_WARN_BOOL_CONVERSION = YES;
				CLANG_WARN_COMMA = YES;
				CLANG_WARN_CONSTANT_CONVERSION = YES;
				CLANG_WARN_DEPRECATED_OBJC_IMPLEMENTATIONS = YES;
				CLANG_WARN_DIRECT_OBJC_ISA_USAGE = YES_ERROR;
				CLANG_WARN_DOCUMENTATION_COMMENTS = YES;
				CLANG_WARN_EMPTY_BODY = YES;
				CLANG_WARN_ENUM_CONVERSION = YES;
				CLANG_WARN_INFINITE_RECURSION = YES;
				CLANG_WARN_INT_CONVERSION = YES;
				CLANG_WARN_NON_LITERAL_NULL_CONVERSION = YES;
				CLANG_WARN_OBJC_IMPLICIT_RETAIN_SELF = YES;
				CLANG_WARN_OBJC_LITERAL_CONVERSION = YES;
				CLANG_WARN_OBJC_ROOT_CLASS = YES_ERROR;
				CLANG_WARN_QUOTED_INCLUDE_IN_FRAMEWORK_HEADER = YES;
				CLANG_WARN_RANGE_LOOP_ANALYSIS = YES;
				CLANG_WARN_STRICT_PROTOTYPES = YES;
				CLANG_WARN_SUSPICIOUS_MOVE = YES;
				CLANG_WARN_UNGUARDED_AVAILABILITY = YES_AGGRESSIVE;
				CLANG_WARN_UNREACHABLE_CODE = YES;
				CLANG_WARN__DUPLICATE_METHOD_MATCH = YES;
				COPY_PHASE_STRIP = NO;
				DEBUG_INFORMATION_FORMAT = "dwarf-with-dsym";
				ENABLE_NS_ASSERTIONS = NO;
				ENABLE_STRICT_OBJC_MSGSEND = YES;
				GCC_C_LANGUAGE_STANDARD = gnu11;
				GCC_NO_COMMON_BLOCKS = YES;
				GCC_WARN_64_TO_32_BIT_CONVERSION = YES;
				GCC_WARN_ABOUT_RETURN_TYPE = YES_ERROR;
				GCC_WARN_UNDECLARED_SELECTOR = YES;
				GCC_WARN_UNINITIALIZED_AUTOS = YES_AGGRESSIVE;
				GCC_WARN_UNUSED_FUNCTION = YES;
				GCC_WARN_UNUSED_VARIABLE = YES;
				IPHONEOS_DEPLOYMENT_TARGET = 15.0;
				MTL_ENABLE_DEBUG_INFO = NO;
				MTL_FAST_MATH = YES;
				SDKROOT = iphoneos;
				SWIFT_COMPILATION_MODE = wholemodule;
				SWIFT_OPTIMIZATION_LEVEL = "-O";
				VALIDATE_PRODUCT = YES;
			};
			name = Release;
		};
		1B9ACE4C27835886004B5987 /* Debug */ = {
			isa = XCBuildConfiguration;
			buildSettings = {
				ASSETCATALOG_COMPILER_APPICON_NAME = AppIcon;
				ASSETCATALOG_COMPILER_GLOBAL_ACCENT_COLOR_NAME = AccentColor;
				CODE_SIGN_STYLE = Automatic;
				CURRENT_PROJECT_VERSION = 1;
				DEVELOPMENT_TEAM = CNP33RLGZ2;
				GENERATE_INFOPLIST_FILE = YES;
				INFOPLIST_FILE = "100DaysOfSwift-ProjectReview1/Info.plist";
				INFOPLIST_KEY_CFBundleDisplayName = Project3;
				INFOPLIST_KEY_UIApplicationSupportsIndirectInputEvents = YES;
				INFOPLIST_KEY_UILaunchStoryboardName = LaunchScreen;
				INFOPLIST_KEY_UISupportedInterfaceOrientations_iPad = "UIInterfaceOrientationPortrait UIInterfaceOrientationPortraitUpsideDown UIInterfaceOrientationLandscapeLeft UIInterfaceOrientationLandscapeRight";
				INFOPLIST_KEY_UISupportedInterfaceOrientations_iPhone = "UIInterfaceOrientationPortrait UIInterfaceOrientationLandscapeLeft UIInterfaceOrientationLandscapeRight";
				LD_RUNPATH_SEARCH_PATHS = (
					"$(inherited)",
					"@executable_path/Frameworks",
				);
				MARKETING_VERSION = 1.0;
				PRODUCT_BUNDLE_IDENTIFIER = "lucasmaniero.dev.-00DaysOfSwift-ProjectReview1";
				PRODUCT_NAME = "$(TARGET_NAME)";
				SWIFT_EMIT_LOC_STRINGS = YES;
				SWIFT_VERSION = 5.0;
				TARGETED_DEVICE_FAMILY = "1,2";
			};
			name = Debug;
		};
		1B9ACE4D27835886004B5987 /* Release */ = {
			isa = XCBuildConfiguration;
			buildSettings = {
				ASSETCATALOG_COMPILER_APPICON_NAME = AppIcon;
				ASSETCATALOG_COMPILER_GLOBAL_ACCENT_COLOR_NAME = AccentColor;
				CODE_SIGN_STYLE = Automatic;
				CURRENT_PROJECT_VERSION = 1;
				DEVELOPMENT_TEAM = CNP33RLGZ2;
				GENERATE_INFOPLIST_FILE = YES;
				INFOPLIST_FILE = "100DaysOfSwift-ProjectReview1/Info.plist";
				INFOPLIST_KEY_CFBundleDisplayName = Project3;
				INFOPLIST_KEY_UIApplicationSupportsIndirectInputEvents = YES;
				INFOPLIST_KEY_UILaunchStoryboardName = LaunchScreen;
				INFOPLIST_KEY_UISupportedInterfaceOrientations_iPad = "UIInterfaceOrientationPortrait UIInterfaceOrientationPortraitUpsideDown UIInterfaceOrientationLandscapeLeft UIInterfaceOrientationLandscapeRight";
				INFOPLIST_KEY_UISupportedInterfaceOrientations_iPhone = "UIInterfaceOrientationPortrait UIInterfaceOrientationLandscapeLeft UIInterfaceOrientationLandscapeRight";
				LD_RUNPATH_SEARCH_PATHS = (
					"$(inherited)",
					"@executable_path/Frameworks",
				);
				MARKETING_VERSION = 1.0;
				PRODUCT_BUNDLE_IDENTIFIER = "lucasmaniero.dev.-00DaysOfSwift-ProjectReview1";
				PRODUCT_NAME = "$(TARGET_NAME)";
				SWIFT_EMIT_LOC_STRINGS = YES;
				SWIFT_VERSION = 5.0;
				TARGETED_DEVICE_FAMILY = "1,2";
			};
			name = Release;
		};
/* End XCBuildConfiguration section */

/* Begin XCConfigurationList section */
		1B9ACE3227835884004B5987 /* Build configuration list for PBXProject "100DaysOfSwift-ProjectReview1" */ = {
			isa = XCConfigurationList;
			buildConfigurations = (
				1B9ACE4927835886004B5987 /* Debug */,
				1B9ACE4A27835886004B5987 /* Release */,
			);
			defaultConfigurationIsVisible = 0;
			defaultConfigurationName = Release;
		};
		1B9ACE4B27835886004B5987 /* Build configuration list for PBXNativeTarget "100DaysOfSwift-ProjectReview1" */ = {
			isa = XCConfigurationList;
			buildConfigurations = (
				1B9ACE4C27835886004B5987 /* Debug */,
				1B9ACE4D27835886004B5987 /* Release */,
			);
			defaultConfigurationIsVisible = 0;
			defaultConfigurationName = Release;
		};
/* End XCConfigurationList section */
	};
	rootObject = 1B9ACE2F27835884004B5987 /* Project object */;
}
